
Microsoft Visual Studio Solution File, Format Version 12.00
Project("{FAE04EC0-301F-11D3-BF4B-00C04F79EFBC}") = "Prisma", "Prisma\Prisma.csproj", "{A3B5C2D7-F968-4EBF-A9B8-2C3008053078}"
EndProject
Project("{FAE04EC0-301F-11D3-BF4B-00C04F79EFBC}") = "PrismaGUI", "PrismaGUI\PrismaGUI.csproj", "{CADE55D9-A56C-43A6-92C2-E3B62A70C5B6}"
EndProject
Project("{2150E333-8FDC-42A3-9474-1A3956D46DE8}") = "Solution Items", "Solution Items", "{2AD58871-9002-4604-942A-AE03000CC08F}"
	ProjectSection(SolutionItems) = preProject
		LICENSE.md = LICENSE.md
		build.sh = build.sh
		.gitignore = .gitignore
		Readme.md = Readme.md
		Build.md = Build.md
	EndProjectSection
EndProject
Project("{2150E333-8FDC-42A3-9474-1A3956D46DE8}") = "Setup", "Setup", "{3D9EFB9A-C978-44EF-9665-0BD159672F2B}"
	ProjectSection(SolutionItems) = preProject
		Setup\installer.iss = Setup\installer.iss
		Setup\Languages\SetupMessagesDutch.isl = Setup\Languages\SetupMessagesDutch.isl
		Setup\Readme.md = Setup\Readme.md
		Setup\SetupMessages.isl = Setup\SetupMessages.isl
	EndProjectSection
EndProject
Global
	GlobalSection(SolutionConfigurationPlatforms) = preSolution
		Debug|Any CPU = Debug|Any CPU
		Release|Any CPU = Release|Any CPU
	EndGlobalSection
	GlobalSection(ProjectConfigurationPlatforms) = postSolution
		{A3B5C2D7-F968-4EBF-A9B8-2C3008053078}.Debug|Any CPU.ActiveCfg = Debug|Any CPU
		{A3B5C2D7-F968-4EBF-A9B8-2C3008053078}.Debug|Any CPU.Build.0 = Debug|Any CPU
		{A3B5C2D7-F968-4EBF-A9B8-2C3008053078}.Release|Any CPU.ActiveCfg = Release|Any CPU
		{A3B5C2D7-F968-4EBF-A9B8-2C3008053078}.Release|Any CPU.Build.0 = Release|Any CPU
		{A3B5C2D7-F968-4EBF-A9B8-2C3008053078}.Release|Any CPU.Deploy.0 = Release|Any CPU
		{CADE55D9-A56C-43A6-92C2-E3B62A70C5B6}.Debug|Any CPU.ActiveCfg = Debug|Any CPU
		{CADE55D9-A56C-43A6-92C2-E3B62A70C5B6}.Debug|Any CPU.Build.0 = Debug|Any CPU
		{CADE55D9-A56C-43A6-92C2-E3B62A70C5B6}.Release|Any CPU.ActiveCfg = Release|Any CPU
		{CADE55D9-A56C-43A6-92C2-E3B62A70C5B6}.Release|Any CPU.Build.0 = Release|Any CPU
	EndGlobalSection
	GlobalSection(NestedProjects) = preSolution
		{3D9EFB9A-C978-44EF-9665-0BD159672F2B} = {2AD58871-9002-4604-942A-AE03000CC08F}
	EndGlobalSection
EndGlobal
